
Microsoft Visual Studio Solution File, Format Version 12.00
# Visual Studio Version 17
VisualStudioVersion = 17.0.31903.59
MinimumVisualStudioVersion = 10.0.40219.1
Project("{9A19103F-16F7-4668-BE54-9A1E7A4F7556}") = "DataAccess", "DataAccess\DataAccess.csproj", "{8B308EC0-D8AC-4F99-8FC6-90E31BE9AB5D}"
EndProject
Project("{9A19103F-16F7-4668-BE54-9A1E7A4F7556}") = "UserAuthenticationAPI", "UserAuthenticationAPI\UserAuthenticationAPI.csproj", "{04B47420-9159-46A6-9B21-534335C825FF}"
EndProject
Project("{9A19103F-16F7-4668-BE54-9A1E7A4F7556}") = "PetManagementAPI", "PetManagementAPI\PetManagementAPI.csproj", "{BE9251B4-0EA9-4940-8BFC-BD3D454D2F68}"
EndProject
Project("{9A19103F-16F7-4668-BE54-9A1E7A4F7556}") = "ConsoleApp1", "ConsoleApp1\ConsoleApp1.csproj", "{D617E837-0148-49A2-8003-8D3DFB36BB52}"
EndProject
Project("{9A19103F-16F7-4668-BE54-9A1E7A4F7556}") = "APIGateWay", "APIGateWay\APIGateWay.csproj", "{CF6E3221-7312-4E0C-BB0C-9E1E7C99D905}"
EndProject
Project("{9A19103F-16F7-4668-BE54-9A1E7A4F7556}") = "PetFriendsUnitTest", "PetFriendsUnitTest\PetFriendsUnitTest.csproj", "{9EC443BA-D9F3-4EFF-AFA1-0D0F478FF9DA}"
EndProject
Project("{9A19103F-16F7-4668-BE54-9A1E7A4F7556}") = "AppointmentManagementAPI", "AppointmentManagementAPI\AppointmentManagementAPI.csproj", "{EAAD0DA6-FE73-43F2-8C8F-4114271E1DE5}"
EndProject
Project("{9A19103F-16F7-4668-BE54-9A1E7A4F7556}") = "WebApplication1", "WebApplication1\WebApplication1.csproj", "{A6291B32-D88F-4CFB-B7A3-E10E6AC7C8EC}"
EndProject
Project("{9A19103F-16F7-4668-BE54-9A1E7A4F7556}") = "ClinicServiceManagementAPI", "ClinicServiceManagement\ClinicServiceManagementAPI.csproj", "{6591DCBF-FFB2-4505-978A-9C7AF084378B}"
EndProject
Project("{9A19103F-16F7-4668-BE54-9A1E7A4F7556}") = "RevenueReportAPI", "RevenueReportAPI\RevenueReportAPI.csproj", "{E7FD2DFB-3C1F-4035-A8BC-A2DFFDE6790C}"
EndProject
Project("{9A19103F-16F7-4668-BE54-9A1E7A4F7556}") = "PromotionManagementAPI", "PromotionManagementAPI\PromotionManagementAPI.csproj", "{F7AD5CD3-7B5A-49AB-A92A-DDE781DD7083}"
EndProject
Project("{FAE04EC0-301F-11D3-BF4B-00C04F79EFBC}") = "AdminAuthenticationAPI", "AdminAuthenticationAPI\AdminAuthenticationAPI.csproj", "{B1EF51A3-AE2E-44AD-B51F-7E448A6B4EFA}"
EndProject
Project("{FAE04EC0-301F-11D3-BF4B-00C04F79EFBC}") = "AccountManagementAPI", "AccountManagementAPI\AccountManagementAPI.csproj", "{201DB9C1-1ABE-4772-9C63-042027FFC29B}"
EndProject
Project("{FAE04EC0-301F-11D3-BF4B-00C04F79EFBC}") = "AdminDashboardAPI", "DashboardAPI\AdminDashboardAPI.csproj", "{71B5347D-A8F8-44D9-B8D9-72996DF1F90B}"
EndProject
Project("{FAE04EC0-301F-11D3-BF4B-00C04F79EFBC}") = "ClinicDasboardAPI", "ClinicDasboardAPI\ClinicDasboardAPI.csproj", "{8622D782-A7CD-43B8-BB29-F582C8B808C2}"
EndProject
Project("{FAE04EC0-301F-11D3-BF4B-00C04F79EFBC}") = "ForumManagementAPI", "ForumManagementAPI\ForumManagementAPI.csproj", "{8C1D89C9-E516-4E6F-AB78-37E10DB0ADC7}"
EndProject
Project("{FAE04EC0-301F-11D3-BF4B-00C04F79EFBC}") = "CustomerReviews", "CustomerReviews\CustomerReviews.csproj", "{F5FA3810-BF56-48B1-941F-38A98FE2D7BD}"
EndProject
Project("{FAE04EC0-301F-11D3-BF4B-00C04F79EFBC}") = "AdminServiceManagement", "AdminServiceManagement\AdminServiceManagement.csproj", "{177F123F-C6B2-425D-BB8F-4360415939B7}"
EndProject
Project("{FAE04EC0-301F-11D3-BF4B-00C04F79EFBC}") = "AdminReport", "AdminReport\AdminReport.csproj", "{F23D908B-2A7D-49A4-9675-3A13D0125BF7}"
EndProject
Global
	GlobalSection(SolutionConfigurationPlatforms) = preSolution
		Debug|Any CPU = Debug|Any CPU
		Release|Any CPU = Release|Any CPU
	EndGlobalSection
	GlobalSection(ProjectConfigurationPlatforms) = postSolution
		{8B308EC0-D8AC-4F99-8FC6-90E31BE9AB5D}.Debug|Any CPU.ActiveCfg = Debug|Any CPU
		{8B308EC0-D8AC-4F99-8FC6-90E31BE9AB5D}.Debug|Any CPU.Build.0 = Debug|Any CPU
		{8B308EC0-D8AC-4F99-8FC6-90E31BE9AB5D}.Release|Any CPU.ActiveCfg = Release|Any CPU
		{8B308EC0-D8AC-4F99-8FC6-90E31BE9AB5D}.Release|Any CPU.Build.0 = Release|Any CPU
		{04B47420-9159-46A6-9B21-534335C825FF}.Debug|Any CPU.ActiveCfg = Debug|Any CPU
		{04B47420-9159-46A6-9B21-534335C825FF}.Debug|Any CPU.Build.0 = Debug|Any CPU
		{04B47420-9159-46A6-9B21-534335C825FF}.Release|Any CPU.ActiveCfg = Release|Any CPU
		{04B47420-9159-46A6-9B21-534335C825FF}.Release|Any CPU.Build.0 = Release|Any CPU
		{BE9251B4-0EA9-4940-8BFC-BD3D454D2F68}.Debug|Any CPU.ActiveCfg = Debug|Any CPU
		{BE9251B4-0EA9-4940-8BFC-BD3D454D2F68}.Debug|Any CPU.Build.0 = Debug|Any CPU
		{BE9251B4-0EA9-4940-8BFC-BD3D454D2F68}.Release|Any CPU.ActiveCfg = Release|Any CPU
		{BE9251B4-0EA9-4940-8BFC-BD3D454D2F68}.Release|Any CPU.Build.0 = Release|Any CPU
		{D617E837-0148-49A2-8003-8D3DFB36BB52}.Debug|Any CPU.ActiveCfg = Debug|Any CPU
		{D617E837-0148-49A2-8003-8D3DFB36BB52}.Debug|Any CPU.Build.0 = Debug|Any CPU
		{D617E837-0148-49A2-8003-8D3DFB36BB52}.Release|Any CPU.ActiveCfg = Release|Any CPU
		{D617E837-0148-49A2-8003-8D3DFB36BB52}.Release|Any CPU.Build.0 = Release|Any CPU
		{CF6E3221-7312-4E0C-BB0C-9E1E7C99D905}.Debug|Any CPU.ActiveCfg = Debug|Any CPU
		{CF6E3221-7312-4E0C-BB0C-9E1E7C99D905}.Debug|Any CPU.Build.0 = Debug|Any CPU
		{CF6E3221-7312-4E0C-BB0C-9E1E7C99D905}.Release|Any CPU.ActiveCfg = Release|Any CPU
		{CF6E3221-7312-4E0C-BB0C-9E1E7C99D905}.Release|Any CPU.Build.0 = Release|Any CPU
		{9EC443BA-D9F3-4EFF-AFA1-0D0F478FF9DA}.Debug|Any CPU.ActiveCfg = Debug|Any CPU
		{9EC443BA-D9F3-4EFF-AFA1-0D0F478FF9DA}.Debug|Any CPU.Build.0 = Debug|Any CPU
		{9EC443BA-D9F3-4EFF-AFA1-0D0F478FF9DA}.Release|Any CPU.ActiveCfg = Release|Any CPU
		{9EC443BA-D9F3-4EFF-AFA1-0D0F478FF9DA}.Release|Any CPU.Build.0 = Release|Any CPU
		{EAAD0DA6-FE73-43F2-8C8F-4114271E1DE5}.Debug|Any CPU.ActiveCfg = Debug|Any CPU
		{EAAD0DA6-FE73-43F2-8C8F-4114271E1DE5}.Debug|Any CPU.Build.0 = Debug|Any CPU
		{EAAD0DA6-FE73-43F2-8C8F-4114271E1DE5}.Release|Any CPU.ActiveCfg = Release|Any CPU
		{EAAD0DA6-FE73-43F2-8C8F-4114271E1DE5}.Release|Any CPU.Build.0 = Release|Any CPU
		{A6291B32-D88F-4CFB-B7A3-E10E6AC7C8EC}.Debug|Any CPU.ActiveCfg = Debug|Any CPU
		{A6291B32-D88F-4CFB-B7A3-E10E6AC7C8EC}.Debug|Any CPU.Build.0 = Debug|Any CPU
		{A6291B32-D88F-4CFB-B7A3-E10E6AC7C8EC}.Release|Any CPU.ActiveCfg = Release|Any CPU
		{A6291B32-D88F-4CFB-B7A3-E10E6AC7C8EC}.Release|Any CPU.Build.0 = Release|Any CPU
		{6591DCBF-FFB2-4505-978A-9C7AF084378B}.Debug|Any CPU.ActiveCfg = Debug|Any CPU
		{6591DCBF-FFB2-4505-978A-9C7AF084378B}.Debug|Any CPU.Build.0 = Debug|Any CPU
		{6591DCBF-FFB2-4505-978A-9C7AF084378B}.Release|Any CPU.ActiveCfg = Release|Any CPU
		{6591DCBF-FFB2-4505-978A-9C7AF084378B}.Release|Any CPU.Build.0 = Release|Any CPU
		{E7FD2DFB-3C1F-4035-A8BC-A2DFFDE6790C}.Debug|Any CPU.ActiveCfg = Debug|Any CPU
		{E7FD2DFB-3C1F-4035-A8BC-A2DFFDE6790C}.Debug|Any CPU.Build.0 = Debug|Any CPU
		{E7FD2DFB-3C1F-4035-A8BC-A2DFFDE6790C}.Release|Any CPU.ActiveCfg = Release|Any CPU
		{E7FD2DFB-3C1F-4035-A8BC-A2DFFDE6790C}.Release|Any CPU.Build.0 = Release|Any CPU
		{F7AD5CD3-7B5A-49AB-A92A-DDE781DD7083}.Debug|Any CPU.ActiveCfg = Debug|Any CPU
		{F7AD5CD3-7B5A-49AB-A92A-DDE781DD7083}.Debug|Any CPU.Build.0 = Debug|Any CPU
		{F7AD5CD3-7B5A-49AB-A92A-DDE781DD7083}.Release|Any CPU.ActiveCfg = Release|Any CPU
		{F7AD5CD3-7B5A-49AB-A92A-DDE781DD7083}.Release|Any CPU.Build.0 = Release|Any CPU
		{B1EF51A3-AE2E-44AD-B51F-7E448A6B4EFA}.Debug|Any CPU.ActiveCfg = Debug|Any CPU
		{B1EF51A3-AE2E-44AD-B51F-7E448A6B4EFA}.Debug|Any CPU.Build.0 = Debug|Any CPU
		{B1EF51A3-AE2E-44AD-B51F-7E448A6B4EFA}.Release|Any CPU.ActiveCfg = Release|Any CPU
		{B1EF51A3-AE2E-44AD-B51F-7E448A6B4EFA}.Release|Any CPU.Build.0 = Release|Any CPU
		{201DB9C1-1ABE-4772-9C63-042027FFC29B}.Debug|Any CPU.ActiveCfg = Debug|Any CPU
		{201DB9C1-1ABE-4772-9C63-042027FFC29B}.Debug|Any CPU.Build.0 = Debug|Any CPU
		{201DB9C1-1ABE-4772-9C63-042027FFC29B}.Release|Any CPU.ActiveCfg = Release|Any CPU
		{201DB9C1-1ABE-4772-9C63-042027FFC29B}.Release|Any CPU.Build.0 = Release|Any CPU
		{71B5347D-A8F8-44D9-B8D9-72996DF1F90B}.Debug|Any CPU.ActiveCfg = Debug|Any CPU
		{71B5347D-A8F8-44D9-B8D9-72996DF1F90B}.Debug|Any CPU.Build.0 = Debug|Any CPU
		{71B5347D-A8F8-44D9-B8D9-72996DF1F90B}.Release|Any CPU.ActiveCfg = Release|Any CPU
		{71B5347D-A8F8-44D9-B8D9-72996DF1F90B}.Release|Any CPU.Build.0 = Release|Any CPU
		{8622D782-A7CD-43B8-BB29-F582C8B808C2}.Debug|Any CPU.ActiveCfg = Debug|Any CPU
		{8622D782-A7CD-43B8-BB29-F582C8B808C2}.Debug|Any CPU.Build.0 = Debug|Any CPU
		{8622D782-A7CD-43B8-BB29-F582C8B808C2}.Release|Any CPU.ActiveCfg = Release|Any CPU
		{8622D782-A7CD-43B8-BB29-F582C8B808C2}.Release|Any CPU.Build.0 = Release|Any CPU
		{8C1D89C9-E516-4E6F-AB78-37E10DB0ADC7}.Debug|Any CPU.ActiveCfg = Debug|Any CPU
		{8C1D89C9-E516-4E6F-AB78-37E10DB0ADC7}.Debug|Any CPU.Build.0 = Debug|Any CPU
		{8C1D89C9-E516-4E6F-AB78-37E10DB0ADC7}.Release|Any CPU.ActiveCfg = Release|Any CPU
		{8C1D89C9-E516-4E6F-AB78-37E10DB0ADC7}.Release|Any CPU.Build.0 = Release|Any CPU
		{F5FA3810-BF56-48B1-941F-38A98FE2D7BD}.Debug|Any CPU.ActiveCfg = Debug|Any CPU
		{F5FA3810-BF56-48B1-941F-38A98FE2D7BD}.Debug|Any CPU.Build.0 = Debug|Any CPU
		{F5FA3810-BF56-48B1-941F-38A98FE2D7BD}.Release|Any CPU.ActiveCfg = Release|Any CPU
		{F5FA3810-BF56-48B1-941F-38A98FE2D7BD}.Release|Any CPU.Build.0 = Release|Any CPU
		{177F123F-C6B2-425D-BB8F-4360415939B7}.Debug|Any CPU.ActiveCfg = Debug|Any CPU
		{177F123F-C6B2-425D-BB8F-4360415939B7}.Debug|Any CPU.Build.0 = Debug|Any CPU
		{177F123F-C6B2-425D-BB8F-4360415939B7}.Release|Any CPU.ActiveCfg = Release|Any CPU
		{177F123F-C6B2-425D-BB8F-4360415939B7}.Release|Any CPU.Build.0 = Release|Any CPU
		{F23D908B-2A7D-49A4-9675-3A13D0125BF7}.Debug|Any CPU.ActiveCfg = Debug|Any CPU
		{F23D908B-2A7D-49A4-9675-3A13D0125BF7}.Debug|Any CPU.Build.0 = Debug|Any CPU
		{F23D908B-2A7D-49A4-9675-3A13D0125BF7}.Release|Any CPU.ActiveCfg = Release|Any CPU
		{F23D908B-2A7D-49A4-9675-3A13D0125BF7}.Release|Any CPU.Build.0 = Release|Any CPU
	EndGlobalSection
	GlobalSection(SolutionProperties) = preSolution
		HideSolutionNode = FALSE
	EndGlobalSection
	GlobalSection(ExtensibilityGlobals) = postSolution
		SolutionGuid = {2EE8D3DD-4ABD-4145-A9AD-D8DA1A54BCA6}
	EndGlobalSection
EndGlobal
